// !$*UTF8*$!
{
	archiveVersion = 1;
	classes = {
	};
	objectVersion = 54;
	objects = {

/* Begin PBXBuildFile section */
		04529A6981F24AB91AE68174 /* ConversationTabRootView.swift in Sources */ = {isa = PBXBuildFile; fileRef = D27140C3903BBE475E8AB192 /* ConversationTabRootView.swift */; };
		0E9939D0029178AD13D9E9F7 /* AppBootstrap.swift in Sources */ = {isa = PBXBuildFile; fileRef = BA08FF95CF1B40F1BEF07268 /* AppBootstrap.swift */; };
		10307726EE007A7506382400 /* DemoNetworkPresentation.swift in Sources */ = {isa = PBXBuildFile; fileRef = 444EAA743D6BC8C5FEA53B84 /* DemoNetworkPresentation.swift */; };
		1F0C33E9CC494E150726E37A /* ExampleAssetIcon.swift in Sources */ = {isa = PBXBuildFile; fileRef = B8ADB401F262B5BAF2024FA7 /* ExampleAssetIcon.swift */; };
		245D4F169104CCC7C6A7E10E /* ContactTabRootView.swift in Sources */ = {isa = PBXBuildFile; fileRef = 4348D9B8FCAB136DB087ACD5 /* ContactTabRootView.swift */; };
		26DA806B0D6E3297B07B45FF /* AppNavigator.swift in Sources */ = {isa = PBXBuildFile; fileRef = 0D8B77AF8B13A398701326A8 /* AppNavigator.swift */; };
		2B1A1F17009D3B4E0F69A72E /* ConversationQRScannerView.swift in Sources */ = {isa = PBXBuildFile; fileRef = E5DE1FD16F90E9747FC4197A /* ConversationQRScannerView.swift */; };
		2EE73796760F4FDD39B31207 /* AppEnvironment.swift in Sources */ = {isa = PBXBuildFile; fileRef = 2E69C8E33A2ADEE29C2993AA /* AppEnvironment.swift */; };
		2F826288261D3E47FF5295F9 /* RootContainerView.swift in Sources */ = {isa = PBXBuildFile; fileRef = 6B92B7F2884ADFFF5BAFD380 /* RootContainerView.swift */; };
		3065FB00A6ED7AE8A0DA6770 /* AppDependencyContainer.swift in Sources */ = {isa = PBXBuildFile; fileRef = C1C4E4B7ABFA7074A11AE361 /* AppDependencyContainer.swift */; };
		35F041CE8E605296B87BB1A3 /* ServerConfig.swift in Sources */ = {isa = PBXBuildFile; fileRef = 453DC4D11560E02B3B8D55BD /* ServerConfig.swift */; };
		4A66E05E662C629FD5C7EF4F /* ThemeState.swift in Sources */ = {isa = PBXBuildFile; fileRef = DBAFE3FFF456E783DE79E469 /* ThemeState.swift */; };
		56279F802FADB6AA006A9560 /* Pods_app.framework in Frameworks */ = {isa = PBXBuildFile; fileRef = 37C88FC102DA6264EA0DE803 /* Pods_app.framework */; };
		56279F812FADB6AA006A9560 /* Pods_app.framework in Embed Frameworks */ = {isa = PBXBuildFile; fileRef = 37C88FC102DA6264EA0DE803 /* Pods_app.framework */; settings = {ATTRIBUTES = (CodeSignOnCopy, RemoveHeadersOnCopy, ); }; };
		5A903794F03E4BBE18A17E02 /* AppDelegate.swift in Sources */ = {isa = PBXBuildFile; fileRef = EAD8D4C1D7F0D6DD7F8B8A94 /* AppDelegate.swift */; };
		62703892DD6205DFC24870DD /* AppKey.swift in Sources */ = {isa = PBXBuildFile; fileRef = 537F9A9F67280BB139434B2D /* AppKey.swift */; };
		65C9C57C00690EA72528D8FA /* PreviewMocks.swift in Sources */ = {isa = PBXBuildFile; fileRef = EF92FF6F07212809917025CB /* PreviewMocks.swift */; };
		6A2C40A852AA85F26EC2441F /* ChatRouteHostView.swift in Sources */ = {isa = PBXBuildFile; fileRef = C6DE3AA55E145DC1DC2D8A88 /* ChatRouteHostView.swift */; };
		6DF9B04DB0C2BF8DA01DFD59 /* IMUIKitSwiftUIExampleApp.swift in Sources */ = {isa = PBXBuildFile; fileRef = CF0116CE451721FD0FABB741 /* IMUIKitSwiftUIExampleApp.swift */; };
		72CBCA5473FDDDF37BF57055 /* AppRouteState.swift in Sources */ = {isa = PBXBuildFile; fileRef = 149432D2D582B7A7086F2B5F /* AppRouteState.swift */; };
		748D0E9ADBF7FF4160A69621 /* DebugState.swift in Sources */ = {isa = PBXBuildFile; fileRef = ED394D236B209286091AB6BF /* DebugState.swift */; };
		756FA54390429FD10F02AF24 /* SessionState.swift in Sources */ = {isa = PBXBuildFile; fileRef = 12A0EB9D453B1CCA7F4B9700 /* SessionState.swift */; };
		7D1DBA83F5517888388F38D2 /* Assets.xcassets in Resources */ = {isa = PBXBuildFile; fileRef = F4520D96AC0EDB42E750BB2B /* Assets.xcassets */; };
		87EFB86E7DDDAD2899D9B459 /* ExampleChatNativeBoundaryService.swift in Sources */ = {isa = PBXBuildFile; fileRef = 32DB05F60D59E2399AE463A3 /* ExampleChatNativeBoundaryService.swift */; };
		94BCFFBE81397374561E25D5 /* MineView.swift in Sources */ = {isa = PBXBuildFile; fileRef = F1F6E420157B0BA23BD51F08 /* MineView.swift */; };
		94E5869C6EF7120B9D9101A1 /* ThemeSwitcherView.swift in Sources */ = {isa = PBXBuildFile; fileRef = 4EDE1BC84A6805E27C62351F /* ThemeSwitcherView.swift */; };
		9CE8008410476DAD326BCDE5 /* MineTabRootView.swift in Sources */ = {isa = PBXBuildFile; fileRef = F72F90663A20941A2F9FB041 /* MineTabRootView.swift */; };
		A3D3CED3740A4B9BD65D006A /* PocLoginView.swift in Sources */ = {isa = PBXBuildFile; fileRef = DB9BBA80228F09B025F28F30 /* PocLoginView.swift */; };
		A5560E55DD72B498304D11A7 /* MainTabView.swift in Sources */ = {isa = PBXBuildFile; fileRef = FD2606136E03D25A64159E40 /* MainTabView.swift */; };
		A7A4B2E6FEB9C0FAC59E36C2 /* ConversationActionRouteHostView.swift in Sources */ = {isa = PBXBuildFile; fileRef = DB2D585ED32680F875CCA3B5 /* ConversationActionRouteHostView.swift */; };
		AB4100941E1CFB770E13ED86 /* LegacyRouteHostView.swift in Sources */ = {isa = PBXBuildFile; fileRef = C91977DDFA243F5F18D5AAB8 /* LegacyRouteHostView.swift */; };
		C0B6DE1EC7C8AE5DC0B9B418 /* TabBarVisibilitySynchronizer.swift in Sources */ = {isa = PBXBuildFile; fileRef = E66F777CFB72B0D0AE914286 /* TabBarVisibilitySynchronizer.swift */; };
		C6EBD386F0431BF8553EBF33 /* AppConstants.swift in Sources */ = {isa = PBXBuildFile; fileRef = 8359A31301A82FB90034E832 /* AppConstants.swift */; };
		C7FC18CF67A1B8C7F5445FE4 /* Localizable.strings in Resources */ = {isa = PBXBuildFile; fileRef = 06FD4AEEA11A8EF4EC9319A0 /* Localizable.strings */; };
		CE5F86D665104A374DDBED98 /* LoginView.swift in Sources */ = {isa = PBXBuildFile; fileRef = 1835C0071DEBC8B8C0B80A5D /* LoginView.swift */; };
		F21632F71A499601B0984D16 /* ExampleChatSelectionBoundaryService.swift in Sources */ = {isa = PBXBuildFile; fileRef = DE959F997C42B8399658475B /* ExampleChatSelectionBoundaryService.swift */; };
		FFA92A802F0E8A33614288E1 /* SplashView.swift in Sources */ = {isa = PBXBuildFile; fileRef = 2A6DAC9C8BC89EE25266DE4B /* SplashView.swift */; };
/* End PBXBuildFile section */

/* Begin PBXCopyFilesBuildPhase section */
		39722F9327998A14007BFC8B /* Embed Frameworks */ = {
			isa = PBXCopyFilesBuildPhase;
			buildActionMask = 2147483647;
			dstPath = "";
			dstSubfolderSpec = 10;
			files = (
				56279F812FADB6AA006A9560 /* Pods_app.framework in Embed Frameworks */,
			);
			name = "Embed Frameworks";
			runOnlyForDeploymentPostprocessing = 0;
		};
/* End PBXCopyFilesBuildPhase section */

/* Begin PBXFileReference section */
		0D8B77AF8B13A398701326A8 /* AppNavigator.swift */ = {isa = PBXFileReference; lastKnownFileType = sourcecode.swift; path = AppNavigator.swift; sourceTree = "<group>"; };
		0FFB4C6ED8BA51EC67B6D25B /* Pods-app.release.xcconfig */ = {isa = PBXFileReference; includeInIndex = 1; lastKnownFileType = text.xcconfig; name = "Pods-app.release.xcconfig"; path = "Target Support Files/Pods-app/Pods-app.release.xcconfig"; sourceTree = "<group>"; };
		10BD22E248108A281229EE70 /* IMUIKitSwiftUIExample.entitlements */ = {isa = PBXFileReference; lastKnownFileType = text.plist.entitlements; path = IMUIKitSwiftUIExample.entitlements; sourceTree = "<group>"; };
		12A0EB9D453B1CCA7F4B9700 /* SessionState.swift */ = {isa = PBXFileReference; lastKnownFileType = sourcecode.swift; path = SessionState.swift; sourceTree = "<group>"; };
		12F1C9823B7D241C34392D7F /* Info.plist */ = {isa = PBXFileReference; lastKnownFileType = text.plist.xml; path = Info.plist; sourceTree = "<group>"; };
		149432D2D582B7A7086F2B5F /* AppRouteState.swift */ = {isa = PBXFileReference; lastKnownFileType = sourcecode.swift; path = AppRouteState.swift; sourceTree = "<group>"; };
		1835C0071DEBC8B8C0B80A5D /* LoginView.swift */ = {isa = PBXFileReference; lastKnownFileType = sourcecode.swift; path = LoginView.swift; sourceTree = "<group>"; };
		2A6DAC9C8BC89EE25266DE4B /* SplashView.swift */ = {isa = PBXFileReference; lastKnownFileType = sourcecode.swift; path = SplashView.swift; sourceTree = "<group>"; };
		2BDF2B98DFFEEAD97C533160 /* PrivacyInfo.xcprivacy */ = {isa = PBXFileReference; lastKnownFileType = text.plist.xml; path = PrivacyInfo.xcprivacy; sourceTree = "<group>"; };
		2E69C8E33A2ADEE29C2993AA /* AppEnvironment.swift */ = {isa = PBXFileReference; lastKnownFileType = sourcecode.swift; path = AppEnvironment.swift; sourceTree = "<group>"; };
		32DB05F60D59E2399AE463A3 /* ExampleChatNativeBoundaryService.swift */ = {isa = PBXFileReference; lastKnownFileType = sourcecode.swift; path = ExampleChatNativeBoundaryService.swift; sourceTree = "<group>"; };
		37C88FC102DA6264EA0DE803 /* Pods_app.framework */ = {isa = PBXFileReference; explicitFileType = wrapper.framework; includeInIndex = 0; path = Pods_app.framework; sourceTree = BUILT_PRODUCTS_DIR; };
		4348D9B8FCAB136DB087ACD5 /* ContactTabRootView.swift */ = {isa = PBXFileReference; lastKnownFileType = sourcecode.swift; path = ContactTabRootView.swift; sourceTree = "<group>"; };
		444EAA743D6BC8C5FEA53B84 /* DemoNetworkPresentation.swift */ = {isa = PBXFileReference; lastKnownFileType = sourcecode.swift; path = DemoNetworkPresentation.swift; sourceTree = "<group>"; };
		4520AFC6436AE556962B78CA /* en */ = {isa = PBXFileReference; lastKnownFileType = text.plist.strings; name = en; path = en.lproj/Localizable.strings; sourceTree = "<group>"; };
		453DC4D11560E02B3B8D55BD /* ServerConfig.swift */ = {isa = PBXFileReference; lastKnownFileType = sourcecode.swift; path = ServerConfig.swift; sourceTree = "<group>"; };
		4B3B9BDB277AFEE50091A74E /* app.app */ = {isa = PBXFileReference; explicitFileType = wrapper.application; includeInIndex = 0; path = app.app; sourceTree = BUILT_PRODUCTS_DIR; };
		4EDE1BC84A6805E27C62351F /* ThemeSwitcherView.swift */ = {isa = PBXFileReference; lastKnownFileType = sourcecode.swift; path = ThemeSwitcherView.swift; sourceTree = "<group>"; };
		537F9A9F67280BB139434B2D /* AppKey.swift */ = {isa = PBXFileReference; lastKnownFileType = sourcecode.swift; path = AppKey.swift; sourceTree = "<group>"; };
		6B92B7F2884ADFFF5BAFD380 /* RootContainerView.swift */ = {isa = PBXFileReference; lastKnownFileType = sourcecode.swift; path = RootContainerView.swift; sourceTree = "<group>"; };
		8359A31301A82FB90034E832 /* AppConstants.swift */ = {isa = PBXFileReference; lastKnownFileType = sourcecode.swift; path = AppConstants.swift; sourceTree = "<group>"; };
		8C6D77AD3ACE926F40CF1914 /* Pods-app.debug.xcconfig */ = {isa = PBXFileReference; includeInIndex = 1; lastKnownFileType = text.xcconfig; name = "Pods-app.debug.xcconfig"; path = "Target Support Files/Pods-app/Pods-app.debug.xcconfig"; sourceTree = "<group>"; };
		B8ADB401F262B5BAF2024FA7 /* ExampleAssetIcon.swift */ = {isa = PBXFileReference; lastKnownFileType = sourcecode.swift; path = ExampleAssetIcon.swift; sourceTree = "<group>"; };
		BA08FF95CF1B40F1BEF07268 /* AppBootstrap.swift */ = {isa = PBXFileReference; lastKnownFileType = sourcecode.swift; path = AppBootstrap.swift; sourceTree = "<group>"; };
		BED162096C5264624A2A4252 /* zh-Hans */ = {isa = PBXFileReference; lastKnownFileType = text.plist.strings; name = "zh-Hans"; path = "zh-Hans.lproj/Localizable.strings"; sourceTree = "<group>"; };
		C1C4E4B7ABFA7074A11AE361 /* AppDependencyContainer.swift */ = {isa = PBXFileReference; lastKnownFileType = sourcecode.swift; path = AppDependencyContainer.swift; sourceTree = "<group>"; };
		C6DE3AA55E145DC1DC2D8A88 /* ChatRouteHostView.swift */ = {isa = PBXFileReference; lastKnownFileType = sourcecode.swift; path = ChatRouteHostView.swift; sourceTree = "<group>"; };
		C91977DDFA243F5F18D5AAB8 /* LegacyRouteHostView.swift */ = {isa = PBXFileReference; lastKnownFileType = sourcecode.swift; path = LegacyRouteHostView.swift; sourceTree = "<group>"; };
		CF0116CE451721FD0FABB741 /* IMUIKitSwiftUIExampleApp.swift */ = {isa = PBXFileReference; lastKnownFileType = sourcecode.swift; path = IMUIKitSwiftUIExampleApp.swift; sourceTree = "<group>"; };
		D27140C3903BBE475E8AB192 /* ConversationTabRootView.swift */ = {isa = PBXFileReference; lastKnownFileType = sourcecode.swift; path = ConversationTabRootView.swift; sourceTree = "<group>"; };
		DB2D585ED32680F875CCA3B5 /* ConversationActionRouteHostView.swift */ = {isa = PBXFileReference; lastKnownFileType = sourcecode.swift; path = ConversationActionRouteHostView.swift; sourceTree = "<group>"; };
		DB9BBA80228F09B025F28F30 /* PocLoginView.swift */ = {isa = PBXFileReference; lastKnownFileType = sourcecode.swift; path = PocLoginView.swift; sourceTree = "<group>"; };
		DBAFE3FFF456E783DE79E469 /* ThemeState.swift */ = {isa = PBXFileReference; lastKnownFileType = sourcecode.swift; path = ThemeState.swift; sourceTree = "<group>"; };
		DE959F997C42B8399658475B /* ExampleChatSelectionBoundaryService.swift */ = {isa = PBXFileReference; lastKnownFileType = sourcecode.swift; path = ExampleChatSelectionBoundaryService.swift; sourceTree = "<group>"; };
		E5DE1FD16F90E9747FC4197A /* ConversationQRScannerView.swift */ = {isa = PBXFileReference; lastKnownFileType = sourcecode.swift; path = ConversationQRScannerView.swift; sourceTree = "<group>"; };
		E66F777CFB72B0D0AE914286 /* TabBarVisibilitySynchronizer.swift */ = {isa = PBXFileReference; lastKnownFileType = sourcecode.swift; path = TabBarVisibilitySynchronizer.swift; sourceTree = "<group>"; };
		EAD8D4C1D7F0D6DD7F8B8A94 /* AppDelegate.swift */ = {isa = PBXFileReference; lastKnownFileType = sourcecode.swift; path = AppDelegate.swift; sourceTree = "<group>"; };
		ED394D236B209286091AB6BF /* DebugState.swift */ = {isa = PBXFileReference; lastKnownFileType = sourcecode.swift; path = DebugState.swift; sourceTree = "<group>"; };
		EF92FF6F07212809917025CB /* PreviewMocks.swift */ = {isa = PBXFileReference; lastKnownFileType = sourcecode.swift; path = PreviewMocks.swift; sourceTree = "<group>"; };
		F1F6E420157B0BA23BD51F08 /* MineView.swift */ = {isa = PBXFileReference; lastKnownFileType = sourcecode.swift; path = MineView.swift; sourceTree = "<group>"; };
		F4520D96AC0EDB42E750BB2B /* Assets.xcassets */ = {isa = PBXFileReference; lastKnownFileType = folder.assetcatalog; path = Resources/Assets.xcassets; sourceTree = "<group>"; };
		F72F90663A20941A2F9FB041 /* MineTabRootView.swift */ = {isa = PBXFileReference; lastKnownFileType = sourcecode.swift; path = MineTabRootView.swift; sourceTree = "<group>"; };
		FD2606136E03D25A64159E40 /* MainTabView.swift */ = {isa = PBXFileReference; lastKnownFileType = sourcecode.swift; path = MainTabView.swift; sourceTree = "<group>"; };
/* End PBXFileReference section */

/* Begin PBXFrameworksBuildPhase section */
		4B3B9BD8277AFEE50091A74E /* Frameworks */ = {
			isa = PBXFrameworksBuildPhase;
			buildActionMask = 2147483647;
			files = (
				56279F802FADB6AA006A9560 /* Pods_app.framework in Frameworks */,
			);
			runOnlyForDeploymentPostprocessing = 0;
		};
/* End PBXFrameworksBuildPhase section */

/* Begin PBXGroup section */
		3021F3164BF24FB780BF8677 /* Frameworks */ = {
			isa = PBXGroup;
			children = (
				37C88FC102DA6264EA0DE803 /* Pods_app.framework */,
			);
			name = Frameworks;
			sourceTree = "<group>";
		};
		4B3B9BD2277AFEE50091A74E = {
			isa = PBXGroup;
			children = (
				82CF2A43A7100F086D7FCFDD /* app */,
				4B3B9BDC277AFEE50091A74E /* Products */,
				BF083551FB71DB2F668919FB /* Pods */,
				3021F3164BF24FB780BF8677 /* Frameworks */,
			);
			sourceTree = "<group>";
		};
		4B3B9BDC277AFEE50091A74E /* Products */ = {
			isa = PBXGroup;
			children = (
				4B3B9BDB277AFEE50091A74E /* app.app */,
			);
			name = Products;
			sourceTree = "<group>";
		};
		82CF2A43A7100F086D7FCFDD /* app */ = {
			isa = PBXGroup;
			children = (
				D1D0524B025E57AFFF263442 /* App */,
				B134B394C44EF320A0FA7959 /* Bootstrap */,
				FE9B63BA30C67EBAD7DE2723 /* Login */,
				CB9F715B20FF2E32E6BC4BDC /* Main */,
				BE8FA2D0C91C7059E96E02B9 /* Root */,
				EE2E685605CC6567789FCEB4 /* State */,
				F7ED0AE08FBB92027261B793 /* Support */,
				F4520D96AC0EDB42E750BB2B /* Assets.xcassets */,
				10BD22E248108A281229EE70 /* IMUIKitSwiftUIExample.entitlements */,
				12F1C9823B7D241C34392D7F /* Info.plist */,
				2BDF2B98DFFEEAD97C533160 /* PrivacyInfo.xcprivacy */,
				06FD4AEEA11A8EF4EC9319A0 /* Localizable.strings */,
			);
			path = app;
			sourceTree = "<group>";
		};
		B134B394C44EF320A0FA7959 /* Bootstrap */ = {
			isa = PBXGroup;
			children = (
				BA08FF95CF1B40F1BEF07268 /* AppBootstrap.swift */,
				C1C4E4B7ABFA7074A11AE361 /* AppDependencyContainer.swift */,
				2E69C8E33A2ADEE29C2993AA /* AppEnvironment.swift */,
			);
			path = Bootstrap;
			sourceTree = "<group>";
		};
		BE8FA2D0C91C7059E96E02B9 /* Root */ = {
			isa = PBXGroup;
			children = (
				FD2606136E03D25A64159E40 /* MainTabView.swift */,
				6B92B7F2884ADFFF5BAFD380 /* RootContainerView.swift */,
				2A6DAC9C8BC89EE25266DE4B /* SplashView.swift */,
				E66F777CFB72B0D0AE914286 /* TabBarVisibilitySynchronizer.swift */,
			);
			path = Root;
			sourceTree = "<group>";
		};
		BF083551FB71DB2F668919FB /* Pods */ = {
			isa = PBXGroup;
			children = (
				8C6D77AD3ACE926F40CF1914 /* Pods-app.debug.xcconfig */,
				0FFB4C6ED8BA51EC67B6D25B /* Pods-app.release.xcconfig */,
			);
			path = Pods;
			sourceTree = "<group>";
		};
		CB9F715B20FF2E32E6BC4BDC /* Main */ = {
			isa = PBXGroup;
			children = (
				C6DE3AA55E145DC1DC2D8A88 /* ChatRouteHostView.swift */,
				4348D9B8FCAB136DB087ACD5 /* ContactTabRootView.swift */,
				DB2D585ED32680F875CCA3B5 /* ConversationActionRouteHostView.swift */,
				E5DE1FD16F90E9747FC4197A /* ConversationQRScannerView.swift */,
				D27140C3903BBE475E8AB192 /* ConversationTabRootView.swift */,
				444EAA743D6BC8C5FEA53B84 /* DemoNetworkPresentation.swift */,
				C91977DDFA243F5F18D5AAB8 /* LegacyRouteHostView.swift */,
				F72F90663A20941A2F9FB041 /* MineTabRootView.swift */,
				F1F6E420157B0BA23BD51F08 /* MineView.swift */,
				4EDE1BC84A6805E27C62351F /* ThemeSwitcherView.swift */,
			);
			path = Main;
			sourceTree = "<group>";
		};
		D1D0524B025E57AFFF263442 /* App */ = {
			isa = PBXGroup;
			children = (
				EAD8D4C1D7F0D6DD7F8B8A94 /* AppDelegate.swift */,
				537F9A9F67280BB139434B2D /* AppKey.swift */,
				CF0116CE451721FD0FABB741 /* IMUIKitSwiftUIExampleApp.swift */,
			);
			path = App;
			sourceTree = "<group>";
		};
		EE2E685605CC6567789FCEB4 /* State */ = {
			isa = PBXGroup;
			children = (
				149432D2D582B7A7086F2B5F /* AppRouteState.swift */,
				ED394D236B209286091AB6BF /* DebugState.swift */,
				12A0EB9D453B1CCA7F4B9700 /* SessionState.swift */,
				DBAFE3FFF456E783DE79E469 /* ThemeState.swift */,
			);
			path = State;
			sourceTree = "<group>";
		};
		F7ED0AE08FBB92027261B793 /* Support */ = {
			isa = PBXGroup;
			children = (
				8359A31301A82FB90034E832 /* AppConstants.swift */,
				0D8B77AF8B13A398701326A8 /* AppNavigator.swift */,
				B8ADB401F262B5BAF2024FA7 /* ExampleAssetIcon.swift */,
				32DB05F60D59E2399AE463A3 /* ExampleChatNativeBoundaryService.swift */,
				DE959F997C42B8399658475B /* ExampleChatSelectionBoundaryService.swift */,
				EF92FF6F07212809917025CB /* PreviewMocks.swift */,
				453DC4D11560E02B3B8D55BD /* ServerConfig.swift */,
			);
			path = Support;
			sourceTree = "<group>";
		};
		FE9B63BA30C67EBAD7DE2723 /* Login */ = {
			isa = PBXGroup;
			children = (
				1835C0071DEBC8B8C0B80A5D /* LoginView.swift */,
				DB9BBA80228F09B025F28F30 /* PocLoginView.swift */,
			);
			path = Login;
			sourceTree = "<group>";
		};
/* End PBXGroup section */

/* Begin PBXNativeTarget section */
		4B3B9BDA277AFEE50091A74E /* app */ = {
			isa = PBXNativeTarget;
			buildConfigurationList = 4B3B9BEF277AFEE70091A74E /* Build configuration list for PBXNativeTarget "app" */;
			buildPhases = (
				E8AED3FB9579F7CE9C1F17F2 /* [CP] Check Pods Manifest.lock */,
				4B3B9BD7277AFEE50091A74E /* Sources */,
				4B3B9BD8277AFEE50091A74E /* Frameworks */,
				4B3B9BD9277AFEE50091A74E /* Resources */,
				39722F9327998A14007BFC8B /* Embed Frameworks */,
				99C233E90D06E8231726B977 /* [CP] Embed Pods Frameworks */,
			);
			buildRules = (
			);
			dependencies = (
			);
			name = app;
			productName = app;
			productReference = 4B3B9BDB277AFEE50091A74E /* app.app */;
			productType = "com.apple.product-type.application";
		};
/* End PBXNativeTarget section */

/* Begin PBXProject section */
		4B3B9BD3277AFEE50091A74E /* Project object */ = {
			isa = PBXProject;
			attributes = {
				BuildIndependentTargetsInParallel = 1;
				LastSwiftUpdateCheck = 1600;
				LastUpgradeCheck = 1600;
				ORGANIZATIONNAME = NetEase;
				TargetAttributes = {
					4B3B9BDA277AFEE50091A74E = {
						CreatedOnToolsVersion = 16.0;
					};
				};
			};
			buildConfigurationList = 4B3B9BD6277AFEE50091A74E /* Build configuration list for PBXProject "app" */;
			compatibilityVersion = "Xcode 10.0";
			developmentRegion = en;
			hasScannedForEncodings = 0;
			knownRegions = (
				en,
				"zh-Hans",
			);
			mainGroup = 4B3B9BD2277AFEE50091A74E;
			productRefGroup = 4B3B9BDC277AFEE50091A74E /* Products */;
			projectDirPath = "";
			projectRoot = "";
			targets = (
				4B3B9BDA277AFEE50091A74E /* app */,
			);
		};
/* End PBXProject section */

/* Begin PBXResourcesBuildPhase section */
		4B3B9BD9277AFEE50091A74E /* Resources */ = {
			isa = PBXResourcesBuildPhase;
			buildActionMask = 2147483647;
			files = (
				7D1DBA83F5517888388F38D2 /* Assets.xcassets in Resources */,
				C7FC18CF67A1B8C7F5445FE4 /* Localizable.strings in Resources */,
			);
			runOnlyForDeploymentPostprocessing = 0;
		};
/* End PBXResourcesBuildPhase section */

/* Begin PBXShellScriptBuildPhase section */
		99C233E90D06E8231726B977 /* [CP] Embed Pods Frameworks */ = {
			isa = PBXShellScriptBuildPhase;
			buildActionMask = 2147483647;
			files = (
			);
			inputFileListPaths = (
				"${PODS_ROOT}/Target Support Files/Pods-app/Pods-app-frameworks-${CONFIGURATION}-input-files.xcfilelist",
			);
			name = "[CP] Embed Pods Frameworks";
			outputFileListPaths = (
				"${PODS_ROOT}/Target Support Files/Pods-app/Pods-app-frameworks-${CONFIGURATION}-output-files.xcfilelist",
			);
			runOnlyForDeploymentPostprocessing = 0;
			shellPath = /bin/sh;
			shellScript = "\"${PODS_ROOT}/Target Support Files/Pods-app/Pods-app-frameworks.sh\"\n";
			showEnvVarsInLog = 0;
		};
		E8AED3FB9579F7CE9C1F17F2 /* [CP] Check Pods Manifest.lock */ = {
			isa = PBXShellScriptBuildPhase;
			buildActionMask = 2147483647;
			files = (
			);
			inputFileListPaths = (
			);
			inputPaths = (
				"${PODS_PODFILE_DIR_PATH}/Podfile.lock",
				"${PODS_ROOT}/Manifest.lock",
			);
			name = "[CP] Check Pods Manifest.lock";
			outputFileListPaths = (
			);
			outputPaths = (
				"$(DERIVED_FILE_DIR)/Pods-app-checkManifestLockResult.txt",
			);
			runOnlyForDeploymentPostprocessing = 0;
			shellPath = /bin/sh;
			shellScript = "diff \"${PODS_PODFILE_DIR_PATH}/Podfile.lock\" \"${PODS_ROOT}/Manifest.lock\" > /dev/null\nif [ $? != 0 ] ; then\n    # print error to STDERR\n    echo \"error: The sandbox is not in sync with the Podfile.lock. Run 'pod install' or update your CocoaPods installation.\" >&2\n    exit 1\nfi\n# This output is used by Xcode 'outputs' to avoid re-running this script phase.\necho \"SUCCESS\" > \"${SCRIPT_OUTPUT_FILE_0}\"\n";
			showEnvVarsInLog = 0;
		};
/* End PBXShellScriptBuildPhase section */

/* Begin PBXSourcesBuildPhase section */
		4B3B9BD7277AFEE50091A74E /* Sources */ = {
			isa = PBXSourcesBuildPhase;
			buildActionMask = 2147483647;
			files = (
				5A903794F03E4BBE18A17E02 /* AppDelegate.swift in Sources */,
				62703892DD6205DFC24870DD /* AppKey.swift in Sources */,
				6DF9B04DB0C2BF8DA01DFD59 /* IMUIKitSwiftUIExampleApp.swift in Sources */,
				0E9939D0029178AD13D9E9F7 /* AppBootstrap.swift in Sources */,
				3065FB00A6ED7AE8A0DA6770 /* AppDependencyContainer.swift in Sources */,
				2EE73796760F4FDD39B31207 /* AppEnvironment.swift in Sources */,
				CE5F86D665104A374DDBED98 /* LoginView.swift in Sources */,
				A3D3CED3740A4B9BD65D006A /* PocLoginView.swift in Sources */,
				6A2C40A852AA85F26EC2441F /* ChatRouteHostView.swift in Sources */,
				245D4F169104CCC7C6A7E10E /* ContactTabRootView.swift in Sources */,
				A7A4B2E6FEB9C0FAC59E36C2 /* ConversationActionRouteHostView.swift in Sources */,
				2B1A1F17009D3B4E0F69A72E /* ConversationQRScannerView.swift in Sources */,
				04529A6981F24AB91AE68174 /* ConversationTabRootView.swift in Sources */,
				10307726EE007A7506382400 /* DemoNetworkPresentation.swift in Sources */,
				AB4100941E1CFB770E13ED86 /* LegacyRouteHostView.swift in Sources */,
				9CE8008410476DAD326BCDE5 /* MineTabRootView.swift in Sources */,
				94BCFFBE81397374561E25D5 /* MineView.swift in Sources */,
				94E5869C6EF7120B9D9101A1 /* ThemeSwitcherView.swift in Sources */,
				A5560E55DD72B498304D11A7 /* MainTabView.swift in Sources */,
				2F826288261D3E47FF5295F9 /* RootContainerView.swift in Sources */,
				FFA92A802F0E8A33614288E1 /* SplashView.swift in Sources */,
				C0B6DE1EC7C8AE5DC0B9B418 /* TabBarVisibilitySynchronizer.swift in Sources */,
				72CBCA5473FDDDF37BF57055 /* AppRouteState.swift in Sources */,
				748D0E9ADBF7FF4160A69621 /* DebugState.swift in Sources */,
				756FA54390429FD10F02AF24 /* SessionState.swift in Sources */,
				4A66E05E662C629FD5C7EF4F /* ThemeState.swift in Sources */,
				C6EBD386F0431BF8553EBF33 /* AppConstants.swift in Sources */,
				26DA806B0D6E3297B07B45FF /* AppNavigator.swift in Sources */,
				1F0C33E9CC494E150726E37A /* ExampleAssetIcon.swift in Sources */,
				87EFB86E7DDDAD2899D9B459 /* ExampleChatNativeBoundaryService.swift in Sources */,
				F21632F71A499601B0984D16 /* ExampleChatSelectionBoundaryService.swift in Sources */,
				65C9C57C00690EA72528D8FA /* PreviewMocks.swift in Sources */,
				35F041CE8E605296B87BB1A3 /* ServerConfig.swift in Sources */,
			);
			runOnlyForDeploymentPostprocessing = 0;
		};
/* End PBXSourcesBuildPhase section */

/* Begin PBXVariantGroup section */
		06FD4AEEA11A8EF4EC9319A0 /* Localizable.strings */ = {
			isa = PBXVariantGroup;
			children = (
				4520AFC6436AE556962B78CA /* en */,
				BED162096C5264624A2A4252 /* zh-Hans */,
			);
			name = Localizable.strings;
			sourceTree = "<group>";
		};
/* End PBXVariantGroup section */

/* Begin XCBuildConfiguration section */
		4B3B9BED277AFEE70091A74E /* Debug */ = {
			isa = XCBuildConfiguration;
			buildSettings = {
				ALWAYS_SEARCH_USER_PATHS = NO;
				CLANG_ANALYZER_LOCALIZABILITY_NONLOCALIZED = YES;
				CLANG_ANALYZER_NONNULL = YES;
				CLANG_ANALYZER_NUMBER_OBJECT_CONVERSION = YES_AGGRESSIVE;
				CLANG_CXX_LANGUAGE_STANDARD = "gnu++17";
				CLANG_CXX_LIBRARY = "libc++";
				CLANG_ENABLE_MODULES = YES;
				CLANG_ENABLE_OBJC_ARC = YES;
				CLANG_ENABLE_OBJC_WEAK = YES;
				CLANG_WARN_BLOCK_CAPTURE_AUTORELEASING = YES;
				CLANG_WARN_BOOL_CONVERSION = YES;
				CLANG_WARN_COMMA = YES;
				CLANG_WARN_CONSTANT_CONVERSION = YES;
				CLANG_WARN_DEPRECATED_OBJC_IMPLEMENTATIONS = YES;
				CLANG_WARN_DIRECT_OBJC_ISA_USAGE = YES_ERROR;
				CLANG_WARN_DOCUMENTATION_COMMENTS = YES;
				CLANG_WARN_EMPTY_BODY = YES;
				CLANG_WARN_ENUM_CONVERSION = YES;
				CLANG_WARN_INFINITE_RECURSION = YES;
				CLANG_WARN_INT_CONVERSION = YES;
				CLANG_WARN_NON_LITERAL_NULL_CONVERSION = YES;
				CLANG_WARN_OBJC_IMPLICIT_RETAIN_SELF = YES;
				CLANG_WARN_OBJC_LITERAL_CONVERSION = YES;
				CLANG_WARN_OBJC_ROOT_CLASS = YES_ERROR;
				CLANG_WARN_QUOTED_INCLUDE_IN_FRAMEWORK_HEADER = YES;
				CLANG_WARN_RANGE_LOOP_ANALYSIS = YES;
				CLANG_WARN_STRICT_PROTOTYPES = YES;
				CLANG_WARN_SUSPICIOUS_MOVE = YES;
				CLANG_WARN_UNGUARDED_AVAILABILITY = YES_AGGRESSIVE;
				CLANG_WARN_UNREACHABLE_CODE = YES;
				CLANG_WARN__DUPLICATE_METHOD_MATCH = YES;
				COPY_PHASE_STRIP = NO;
				DEBUG_INFORMATION_FORMAT = dwarf;
				ENABLE_STRICT_OBJC_MSGSEND = YES;
				ENABLE_TESTABILITY = YES;
				GCC_C_LANGUAGE_STANDARD = gnu11;
				GCC_DYNAMIC_NO_PIC = NO;
				GCC_NO_COMMON_BLOCKS = YES;
				GCC_OPTIMIZATION_LEVEL = 0;
				GCC_PREPROCESSOR_DEFINITIONS = (
					"DEBUG=1",
					"$(inherited)",
				);
				GCC_WARN_64_TO_32_BIT_CONVERSION = YES;
				GCC_WARN_ABOUT_RETURN_TYPE = YES_ERROR;
				GCC_WARN_UNDECLARED_SELECTOR = YES;
				GCC_WARN_UNINITIALIZED_AUTOS = YES_AGGRESSIVE;
				GCC_WARN_UNUSED_FUNCTION = YES;
				GCC_WARN_UNUSED_VARIABLE = YES;
				IPHONEOS_DEPLOYMENT_TARGET = 16.0;
				MTL_ENABLE_DEBUG_INFO = INCLUDE_SOURCE;
				MTL_FAST_MATH = YES;
				ONLY_ACTIVE_ARCH = YES;
				SDKROOT = iphoneos;
				SWIFT_ACTIVE_COMPILATION_CONDITIONS = DEBUG;
				SWIFT_OPTIMIZATION_LEVEL = "-Onone";
			};
			name = Debug;
		};
		4B3B9BEE277AFEE70091A74E /* Release */ = {
			isa = XCBuildConfiguration;
			buildSettings = {
				ALWAYS_SEARCH_USER_PATHS = NO;
				CLANG_ANALYZER_LOCALIZABILITY_NONLOCALIZED = YES;
				CLANG_ANALYZER_NONNULL = YES;
				CLANG_ANALYZER_NUMBER_OBJECT_CONVERSION = YES_AGGRESSIVE;
				CLANG_CXX_LANGUAGE_STANDARD = "gnu++17";
				CLANG_CXX_LIBRARY = "libc++";
				CLANG_ENABLE_MODULES = YES;
				CLANG_ENABLE_OBJC_ARC = YES;
				CLANG_ENABLE_OBJC_WEAK = YES;
				CLANG_WARN_BLOCK_CAPTURE_AUTORELEASING = YES;
				CLANG_WARN_BOOL_CONVERSION = YES;
				CLANG_WARN_COMMA = YES;
				CLANG_WARN_CONSTANT_CONVERSION = YES;
				CLANG_WARN_DEPRECATED_OBJC_IMPLEMENTATIONS = YES;
				CLANG_WARN_DIRECT_OBJC_ISA_USAGE = YES_ERROR;
				CLANG_WARN_DOCUMENTATION_COMMENTS = YES;
				CLANG_WARN_EMPTY_BODY = YES;
				CLANG_WARN_ENUM_CONVERSION = YES;
				CLANG_WARN_INFINITE_RECURSION = YES;
				CLANG_WARN_INT_CONVERSION = YES;
				CLANG_WARN_NON_LITERAL_NULL_CONVERSION = YES;
				CLANG_WARN_OBJC_IMPLICIT_RETAIN_SELF = YES;
				CLANG_WARN_OBJC_LITERAL_CONVERSION = YES;
				CLANG_WARN_OBJC_ROOT_CLASS = YES_ERROR;
				CLANG_WARN_QUOTED_INCLUDE_IN_FRAMEWORK_HEADER = YES;
				CLANG_WARN_RANGE_LOOP_ANALYSIS = YES;
				CLANG_WARN_STRICT_PROTOTYPES = YES;
				CLANG_WARN_SUSPICIOUS_MOVE = YES;
				CLANG_WARN_UNGUARDED_AVAILABILITY = YES_AGGRESSIVE;
				CLANG_WARN_UNREACHABLE_CODE = YES;
				CLANG_WARN__DUPLICATE_METHOD_MATCH = YES;
				COPY_PHASE_STRIP = NO;
				DEBUG_INFORMATION_FORMAT = "dwarf-with-dsym";
				ENABLE_NS_ASSERTIONS = NO;
				ENABLE_STRICT_OBJC_MSGSEND = YES;
				GCC_C_LANGUAGE_STANDARD = gnu11;
				GCC_NO_COMMON_BLOCKS = YES;
				GCC_WARN_64_TO_32_BIT_CONVERSION = YES;
				GCC_WARN_ABOUT_RETURN_TYPE = YES_ERROR;
				GCC_WARN_UNDECLARED_SELECTOR = YES;
				GCC_WARN_UNINITIALIZED_AUTOS = YES_AGGRESSIVE;
				GCC_WARN_UNUSED_FUNCTION = YES;
				GCC_WARN_UNUSED_VARIABLE = YES;
				IPHONEOS_DEPLOYMENT_TARGET = 16.0;
				MTL_ENABLE_DEBUG_INFO = NO;
				MTL_FAST_MATH = YES;
				SDKROOT = iphoneos;
				SWIFT_COMPILATION_MODE = wholemodule;
				SWIFT_OPTIMIZATION_LEVEL = "-O";
				VALIDATE_PRODUCT = YES;
			};
			name = Release;
		};
		4B3B9BF0277AFEE70091A74E /* Debug */ = {
			isa = XCBuildConfiguration;
			baseConfigurationReference = 8C6D77AD3ACE926F40CF1914 /* Pods-app.debug.xcconfig */;
			buildSettings = {
				ASSETCATALOG_COMPILER_APPICON_NAME = AppIcon;
				ASSETCATALOG_COMPILER_GLOBAL_ACCENT_COLOR_NAME = AccentColor;
				CLANG_ENABLE_MODULES = YES;
				CODE_SIGN_ENTITLEMENTS = app/IMUIKitSwiftUIExample.entitlements;
				CODE_SIGN_IDENTITY = "Apple Development";
				CODE_SIGN_STYLE = Automatic;
				CURRENT_PROJECT_VERSION = 1;
				DEFINES_MODULE = NO;
				DEVELOPMENT_TEAM = 7C9A6NRV5L;
				ENABLE_BITCODE = NO;
				"EXCLUDED_ARCHS[sdk=iphonesimulator*]" = arm64;
				GENERATE_INFOPLIST_FILE = YES;
				INFOPLIST_FILE = app/Info.plist;
				INFOPLIST_KEY_CFBundleDisplayName = "云信IM";
				INFOPLIST_KEY_NSCameraUsageDescription = "若不允许，你将无法导入照片上传头像。";
				INFOPLIST_KEY_NSLocationWhenInUseUsageDescription = "是否允许获取你的位置用于发送定位信息";
				INFOPLIST_KEY_NSMicrophoneUsageDescription = "想使用您的麦克风";
				INFOPLIST_KEY_NSPhotoLibraryAddUsageDescription = "将要保存图片到相册";
				INFOPLIST_KEY_NSPhotoLibraryUsageDescription = "若不允许，你将无法拍摄照片";
				INFOPLIST_KEY_UIApplicationSupportsIndirectInputEvents = YES;
				INFOPLIST_KEY_UISupportedInterfaceOrientations = UIInterfaceOrientationPortrait;
				INFOPLIST_KEY_UISupportedInterfaceOrientations_iPad = "UIInterfaceOrientationPortrait UIInterfaceOrientationPortraitUpsideDown UIInterfaceOrientationLandscapeLeft UIInterfaceOrientationLandscapeRight";
				INFOPLIST_KEY_UISupportedInterfaceOrientations_iPhone = "UIInterfaceOrientationPortrait UIInterfaceOrientationLandscapeLeft UIInterfaceOrientationLandscapeRight";
				INFOPLIST_KEY_UIUserInterfaceStyle = Light;
				IPHONEOS_DEPLOYMENT_TARGET = 16.0;
				LD_RUNPATH_SEARCH_PATHS = (
					"$(inherited)",
					"@executable_path/Frameworks",
				);
				MARKETING_VERSION = 10.9.30;
				PRODUCT_BUNDLE_IDENTIFIER = com.netease.yunxin.app.im.uikit;
				PRODUCT_NAME = "$(TARGET_NAME)";
				PROVISIONING_PROFILE_SPECIFIER = "";
				SUPPORTED_PLATFORMS = "iphoneos iphonesimulator";
				SUPPORTS_MACCATALYST = NO;
				SUPPORTS_MAC_DESIGNED_FOR_IPHONE_IPAD = NO;
				SUPPORTS_XR_DESIGNED_FOR_IPHONE_IPAD = NO;
				SWIFT_EMIT_LOC_STRINGS = YES;
				SWIFT_OBJC_BRIDGING_HEADER = "";
				SWIFT_PRECOMPILE_BRIDGING_HEADER = NO;
				SWIFT_VERSION = 5.0;
				TARGETED_DEVICE_FAMILY = "1,2";
			};
			name = Debug;
		};
		4B3B9BF1277AFEE70091A74E /* Release */ = {
			isa = XCBuildConfiguration;
			baseConfigurationReference = 0FFB4C6ED8BA51EC67B6D25B /* Pods-app.release.xcconfig */;
			buildSettings = {
				ASSETCATALOG_COMPILER_APPICON_NAME = AppIcon;
				ASSETCATALOG_COMPILER_GLOBAL_ACCENT_COLOR_NAME = AccentColor;
				CLANG_ENABLE_MODULES = YES;
				CODE_SIGN_ENTITLEMENTS = app/IMUIKitSwiftUIExample.entitlements;
				CODE_SIGN_IDENTITY = "Apple Development";
				CODE_SIGN_STYLE = Automatic;
				CURRENT_PROJECT_VERSION = 1;
				DEFINES_MODULE = NO;
				DEVELOPMENT_TEAM = 7C9A6NRV5L;
				ENABLE_BITCODE = NO;
				"EXCLUDED_ARCHS[sdk=iphonesimulator*]" = arm64;
				GENERATE_INFOPLIST_FILE = YES;
				INFOPLIST_FILE = app/Info.plist;
				INFOPLIST_KEY_CFBundleDisplayName = "云信IM";
				INFOPLIST_KEY_NSCameraUsageDescription = "若不允许，你将无法导入照片上传头像。";
				INFOPLIST_KEY_NSLocationWhenInUseUsageDescription = "是否允许获取你的位置用于发送定位信息";
				INFOPLIST_KEY_NSMicrophoneUsageDescription = "想使用您的麦克风";
				INFOPLIST_KEY_NSPhotoLibraryAddUsageDescription = "将要保存图片到相册";
				INFOPLIST_KEY_NSPhotoLibraryUsageDescription = "若不允许，你将无法拍摄照片";
				INFOPLIST_KEY_UIApplicationSupportsIndirectInputEvents = YES;
				INFOPLIST_KEY_UISupportedInterfaceOrientations = UIInterfaceOrientationPortrait;
				INFOPLIST_KEY_UISupportedInterfaceOrientations_iPad = "UIInterfaceOrientationPortrait UIInterfaceOrientationPortraitUpsideDown UIInterfaceOrientationLandscapeLeft UIInterfaceOrientationLandscapeRight";
				INFOPLIST_KEY_UISupportedInterfaceOrientations_iPhone = "UIInterfaceOrientationPortrait UIInterfaceOrientationLandscapeLeft UIInterfaceOrientationLandscapeRight";
				INFOPLIST_KEY_UIUserInterfaceStyle = Light;
				IPHONEOS_DEPLOYMENT_TARGET = 16.0;
				LD_RUNPATH_SEARCH_PATHS = (
					"$(inherited)",
					"@executable_path/Frameworks",
				);
				MARKETING_VERSION = 10.9.30;
				PRODUCT_BUNDLE_IDENTIFIER = com.netease.yunxin.app.im.uikit;
				PRODUCT_NAME = "$(TARGET_NAME)";
				PROVISIONING_PROFILE_SPECIFIER = "";
				SUPPORTED_PLATFORMS = "iphoneos iphonesimulator";
				SUPPORTS_MACCATALYST = NO;
				SUPPORTS_MAC_DESIGNED_FOR_IPHONE_IPAD = NO;
				SUPPORTS_XR_DESIGNED_FOR_IPHONE_IPAD = NO;
				SWIFT_EMIT_LOC_STRINGS = YES;
				SWIFT_OBJC_BRIDGING_HEADER = "";
				SWIFT_PRECOMPILE_BRIDGING_HEADER = NO;
				SWIFT_VERSION = 5.0;
				TARGETED_DEVICE_FAMILY = "1,2";
			};
			name = Release;
		};
/* End XCBuildConfiguration section */

/* Begin XCConfigurationList section */
		4B3B9BD6277AFEE50091A74E /* Build configuration list for PBXProject "app" */ = {
			isa = XCConfigurationList;
			buildConfigurations = (
				4B3B9BED277AFEE70091A74E /* Debug */,
				4B3B9BEE277AFEE70091A74E /* Release */,
			);
			defaultConfigurationIsVisible = 0;
			defaultConfigurationName = Release;
		};
		4B3B9BEF277AFEE70091A74E /* Build configuration list for PBXNativeTarget "app" */ = {
			isa = XCConfigurationList;
			buildConfigurations = (
				4B3B9BF0277AFEE70091A74E /* Debug */,
				4B3B9BF1277AFEE70091A74E /* Release */,
			);
			defaultConfigurationIsVisible = 0;
			defaultConfigurationName = Release;
		};
/* End XCConfigurationList section */
	};
	rootObject = 4B3B9BD3277AFEE50091A74E /* Project object */;
}
